// !$*UTF8*$!
{
	archiveVersion = 1;
	classes = {
	};
	objectVersion = 56;
	objects = {

/* Begin PBXBuildFile section */
		981DF28D2B6FADBC0026B8B1 /* Tetrominoe.swift in Sources */ = {isa = PBXBuildFile; fileRef = 981DF28C2B6FADBC0026B8B1 /* Tetrominoe.swift */; };
		98266BB22B72BD2700F5FB92 /* GameState.swift in Sources */ = {isa = PBXBuildFile; fileRef = 98266BB12B72BD2600F5FB92 /* GameState.swift */; };
		98C6B8022B698259006B5E52 /* TetrisApp.swift in Sources */ = {isa = PBXBuildFile; fileRef = 98C6B8012B698259006B5E52 /* TetrisApp.swift */; };
		98C6B8062B69825C006B5E52 /* Assets.xcassets in Resources */ = {isa = PBXBuildFile; fileRef = 98C6B8052B69825C006B5E52 /* Assets.xcassets */; };
		98C6B8092B69825C006B5E52 /* Preview Assets.xcassets in Resources */ = {isa = PBXBuildFile; fileRef = 98C6B8082B69825C006B5E52 /* Preview Assets.xcassets */; };
		98C6B8132B69825D006B5E52 /* TetrisTests.swift in Sources */ = {isa = PBXBuildFile; fileRef = 98C6B8122B69825D006B5E52 /* TetrisTests.swift */; };
		98C6B81D2B69825D006B5E52 /* TetrisUITests.swift in Sources */ = {isa = PBXBuildFile; fileRef = 98C6B81C2B69825D006B5E52 /* TetrisUITests.swift */; };
		98C6B81F2B69825D006B5E52 /* TetrisUITestsLaunchTests.swift in Sources */ = {isa = PBXBuildFile; fileRef = 98C6B81E2B69825D006B5E52 /* TetrisUITestsLaunchTests.swift */; };
		98C6B82C2B6982FD006B5E52 /* HomeView.swift in Sources */ = {isa = PBXBuildFile; fileRef = 98C6B82B2B6982FD006B5E52 /* HomeView.swift */; };
		98DD0FB12B6A8430003209E9 /* GameView.swift in Sources */ = {isa = PBXBuildFile; fileRef = 98DD0FB02B6A8430003209E9 /* GameView.swift */; };
		98DD0FB32B6AB821003209E9 /* GameBoardView.swift in Sources */ = {isa = PBXBuildFile; fileRef = 98DD0FB22B6AB821003209E9 /* GameBoardView.swift */; };
		98DD0FB72B6ACB07003209E9 /* GameControllerView.swift in Sources */ = {isa = PBXBuildFile; fileRef = 98DD0FB62B6ACB07003209E9 /* GameControllerView.swift */; };
		98DD0FB92B6ACC07003209E9 /* NextTetrominoeView.swift in Sources */ = {isa = PBXBuildFile; fileRef = 98DD0FB82B6ACC07003209E9 /* NextTetrominoeView.swift */; };
/* End PBXBuildFile section */

/* Begin PBXContainerItemProxy section */
		98C6B80F2B69825D006B5E52 /* PBXContainerItemProxy */ = {
			isa = PBXContainerItemProxy;
			containerPortal = 98C6B7F62B698259006B5E52 /* Project object */;
			proxyType = 1;
			remoteGlobalIDString = 98C6B7FD2B698259006B5E52;
			remoteInfo = Tetris;
		};
		98C6B8192B69825D006B5E52 /* PBXContainerItemProxy */ = {
			isa = PBXContainerItemProxy;
			containerPortal = 98C6B7F62B698259006B5E52 /* Project object */;
			proxyType = 1;
			remoteGlobalIDString = 98C6B7FD2B698259006B5E52;
			remoteInfo = Tetris;
		};
/* End PBXContainerItemProxy section */

/* Begin PBXFileReference section */
		981DF28C2B6FADBC0026B8B1 /* Tetrominoe.swift */ = {isa = PBXFileReference; lastKnownFileType = sourcecode.swift; path = Tetrominoe.swift; sourceTree = "<group>"; };
		98266BB12B72BD2600F5FB92 /* GameState.swift */ = {isa = PBXFileReference; lastKnownFileType = sourcecode.swift; path = GameState.swift; sourceTree = "<group>"; };
		98C6B7FE2B698259006B5E52 /* Tetris.app */ = {isa = PBXFileReference; explicitFileType = wrapper.application; includeInIndex = 0; path = Tetris.app; sourceTree = BUILT_PRODUCTS_DIR; };
		98C6B8012B698259006B5E52 /* TetrisApp.swift */ = {isa = PBXFileReference; lastKnownFileType = sourcecode.swift; path = TetrisApp.swift; sourceTree = "<group>"; };
		98C6B8052B69825C006B5E52 /* Assets.xcassets */ = {isa = PBXFileReference; lastKnownFileType = folder.assetcatalog; path = Assets.xcassets; sourceTree = "<group>"; };
		98C6B8082B69825C006B5E52 /* Preview Assets.xcassets */ = {isa = PBXFileReference; lastKnownFileType = folder.assetcatalog; path = "Preview Assets.xcassets"; sourceTree = "<group>"; };
		98C6B80E2B69825D006B5E52 /* TetrisTests.xctest */ = {isa = PBXFileReference; explicitFileType = wrapper.cfbundle; includeInIndex = 0; path = TetrisTests.xctest; sourceTree = BUILT_PRODUCTS_DIR; };
		98C6B8122B69825D006B5E52 /* TetrisTests.swift */ = {isa = PBXFileReference; lastKnownFileType = sourcecode.swift; path = TetrisTests.swift; sourceTree = "<group>"; };
		98C6B8182B69825D006B5E52 /* TetrisUITests.xctest */ = {isa = PBXFileReference; explicitFileType = wrapper.cfbundle; includeInIndex = 0; path = TetrisUITests.xctest; sourceTree = BUILT_PRODUCTS_DIR; };
		98C6B81C2B69825D006B5E52 /* TetrisUITests.swift */ = {isa = PBXFileReference; lastKnownFileType = sourcecode.swift; path = TetrisUITests.swift; sourceTree = "<group>"; };
		98C6B81E2B69825D006B5E52 /* TetrisUITestsLaunchTests.swift */ = {isa = PBXFileReference; lastKnownFileType = sourcecode.swift; path = TetrisUITestsLaunchTests.swift; sourceTree = "<group>"; };
		98C6B82B2B6982FD006B5E52 /* HomeView.swift */ = {isa = PBXFileReference; lastKnownFileType = sourcecode.swift; path = HomeView.swift; sourceTree = "<group>"; };
		98DD0FB02B6A8430003209E9 /* GameView.swift */ = {isa = PBXFileReference; lastKnownFileType = sourcecode.swift; path = GameView.swift; sourceTree = "<group>"; };
		98DD0FB22B6AB821003209E9 /* GameBoardView.swift */ = {isa = PBXFileReference; lastKnownFileType = sourcecode.swift; path = GameBoardView.swift; sourceTree = "<group>"; };
		98DD0FB62B6ACB07003209E9 /* GameControllerView.swift */ = {isa = PBXFileReference; lastKnownFileType = sourcecode.swift; path = GameControllerView.swift; sourceTree = "<group>"; };
		98DD0FB82B6ACC07003209E9 /* NextTetrominoeView.swift */ = {isa = PBXFileReference; lastKnownFileType = sourcecode.swift; path = NextTetrominoeView.swift; sourceTree = "<group>"; };
/* End PBXFileReference section */

/* Begin PBXFrameworksBuildPhase section */
		98C6B7FB2B698259006B5E52 /* Frameworks */ = {
			isa = PBXFrameworksBuildPhase;
			buildActionMask = 2147483647;
			files = (
			);
			runOnlyForDeploymentPostprocessing = 0;
		};
		98C6B80B2B69825D006B5E52 /* Frameworks */ = {
			isa = PBXFrameworksBuildPhase;
			buildActionMask = 2147483647;
			files = (
			);
			runOnlyForDeploymentPostprocessing = 0;
		};
		98C6B8152B69825D006B5E52 /* Frameworks */ = {
			isa = PBXFrameworksBuildPhase;
			buildActionMask = 2147483647;
			files = (
			);
			runOnlyForDeploymentPostprocessing = 0;
		};
/* End PBXFrameworksBuildPhase section */

/* Begin PBXGroup section */
		981DF28A2B6FAD620026B8B1 /* View */ = {
			isa = PBXGroup;
			children = (
				98C6B82B2B6982FD006B5E52 /* HomeView.swift */,
				98DD0FB02B6A8430003209E9 /* GameView.swift */,
				98DD0FB22B6AB821003209E9 /* GameBoardView.swift */,
				98DD0FB62B6ACB07003209E9 /* GameControllerView.swift */,
				98DD0FB82B6ACC07003209E9 /* NextTetrominoeView.swift */,
			);
			path = View;
			sourceTree = "<group>";
		};
		981DF28B2B6FAD880026B8B1 /* Model */ = {
			isa = PBXGroup;
			children = (
				981DF28C2B6FADBC0026B8B1 /* Tetrominoe.swift */,
				98266BB12B72BD2600F5FB92 /* GameState.swift */,
			);
			path = Model;
			sourceTree = "<group>";
		};
		98C6B7F52B698259006B5E52 = {
			isa = PBXGroup;
			children = (
				98C6B8002B698259006B5E52 /* Tetris */,
				98C6B8112B69825D006B5E52 /* TetrisTests */,
				98C6B81B2B69825D006B5E52 /* TetrisUITests */,
				98C6B7FF2B698259006B5E52 /* Products */,
			);
			sourceTree = "<group>";
		};
		98C6B7FF2B698259006B5E52 /* Products */ = {
			isa = PBXGroup;
			children = (
				98C6B7FE2B698259006B5E52 /* Tetris.app */,
				98C6B80E2B69825D006B5E52 /* TetrisTests.xctest */,
				98C6B8182B69825D006B5E52 /* TetrisUITests.xctest */,
			);
			name = Products;
			sourceTree = "<group>";
		};
		98C6B8002B698259006B5E52 /* Tetris */ = {
			isa = PBXGroup;
			children = (
				981DF28B2B6FAD880026B8B1 /* Model */,
				981DF28A2B6FAD620026B8B1 /* View */,
				98C6B8012B698259006B5E52 /* TetrisApp.swift */,
				98C6B8052B69825C006B5E52 /* Assets.xcassets */,
				98C6B8072B69825C006B5E52 /* Preview Content */,
			);
			path = Tetris;
			sourceTree = "<group>";
		};
		98C6B8072B69825C006B5E52 /* Preview Content */ = {
			isa = PBXGroup;
			children = (
				98C6B8082B69825C006B5E52 /* Preview Assets.xcassets */,
			);
			path = "Preview Content";
			sourceTree = "<group>";
		};
		98C6B8112B69825D006B5E52 /* TetrisTests */ = {
			isa = PBXGroup;
			children = (
				98C6B8122B69825D006B5E52 /* TetrisTests.swift */,
			);
			path = TetrisTests;
			sourceTree = "<group>";
		};
		98C6B81B2B69825D006B5E52 /* TetrisUITests */ = {
			isa = PBXGroup;
			children = (
				98C6B81C2B69825D006B5E52 /* TetrisUITests.swift */,
				98C6B81E2B69825D006B5E52 /* TetrisUITestsLaunchTests.swift */,
			);
			path = TetrisUITests;
			sourceTree = "<group>";
		};
/* End PBXGroup section */

/* Begin PBXNativeTarget section */
		98C6B7FD2B698259006B5E52 /* Tetris */ = {
			isa = PBXNativeTarget;
			buildConfigurationList = 98C6B8222B69825D006B5E52 /* Build configuration list for PBXNativeTarget "Tetris" */;
			buildPhases = (
				98C6B7FA2B698259006B5E52 /* Sources */,
				98C6B7FB2B698259006B5E52 /* Frameworks */,
				98C6B7FC2B698259006B5E52 /* Resources */,
			);
			buildRules = (
			);
			dependencies = (
			);
			name = Tetris;
			productName = Tetris;
			productReference = 98C6B7FE2B698259006B5E52 /* Tetris.app */;
			productType = "com.apple.product-type.application";
		};
		98C6B80D2B69825D006B5E52 /* TetrisTests */ = {
			isa = PBXNativeTarget;
			buildConfigurationList = 98C6B8252B69825D006B5E52 /* Build configuration list for PBXNativeTarget "TetrisTests" */;
			buildPhases = (
				98C6B80A2B69825D006B5E52 /* Sources */,
				98C6B80B2B69825D006B5E52 /* Frameworks */,
				98C6B80C2B69825D006B5E52 /* Resources */,
			);
			buildRules = (
			);
			dependencies = (
				98C6B8102B69825D006B5E52 /* PBXTargetDependency */,
			);
			name = TetrisTests;
			productName = TetrisTests;
			productReference = 98C6B80E2B69825D006B5E52 /* TetrisTests.xctest */;
			productType = "com.apple.product-type.bundle.unit-test";
		};
		98C6B8172B69825D006B5E52 /* TetrisUITests */ = {
			isa = PBXNativeTarget;
			buildConfigurationList = 98C6B8282B69825D006B5E52 /* Build configuration list for PBXNativeTarget "TetrisUITests" */;
			buildPhases = (
				98C6B8142B69825D006B5E52 /* Sources */,
				98C6B8152B69825D006B5E52 /* Frameworks */,
				98C6B8162B69825D006B5E52 /* Resources */,
			);
			buildRules = (
			);
			dependencies = (
				98C6B81A2B69825D006B5E52 /* PBXTargetDependency */,
			);
			name = TetrisUITests;
			productName = TetrisUITests;
			productReference = 98C6B8182B69825D006B5E52 /* TetrisUITests.xctest */;
			productType = "com.apple.product-type.bundle.ui-testing";
		};
/* End PBXNativeTarget section */

/* Begin PBXProject section */
		98C6B7F62B698259006B5E52 /* Project object */ = {
			isa = PBXProject;
			attributes = {
				BuildIndependentTargetsInParallel = 1;
				LastSwiftUpdateCheck = 1520;
				LastUpgradeCheck = 1520;
				TargetAttributes = {
					98C6B7FD2B698259006B5E52 = {
						CreatedOnToolsVersion = 15.2;
					};
					98C6B80D2B69825D006B5E52 = {
						CreatedOnToolsVersion = 15.2;
						TestTargetID = 98C6B7FD2B698259006B5E52;
					};
					98C6B8172B69825D006B5E52 = {
						CreatedOnToolsVersion = 15.2;
						TestTargetID = 98C6B7FD2B698259006B5E52;
					};
				};
			};
			buildConfigurationList = 98C6B7F92B698259006B5E52 /* Build configuration list for PBXProject "Tetris" */;
			compatibilityVersion = "Xcode 14.0";
			developmentRegion = en;
			hasScannedForEncodings = 0;
			knownRegions = (
				en,
				Base,
			);
			mainGroup = 98C6B7F52B698259006B5E52;
			productRefGroup = 98C6B7FF2B698259006B5E52 /* Products */;
			projectDirPath = "";
			projectRoot = "";
			targets = (
				98C6B7FD2B698259006B5E52 /* Tetris */,
				98C6B80D2B69825D006B5E52 /* TetrisTests */,
				98C6B8172B69825D006B5E52 /* TetrisUITests */,
			);
		};
/* End PBXProject section */

/* Begin PBXResourcesBuildPhase section */
		98C6B7FC2B698259006B5E52 /* Resources */ = {
			isa = PBXResourcesBuildPhase;
			buildActionMask = 2147483647;
			files = (
				98C6B8092B69825C006B5E52 /* Preview Assets.xcassets in Resources */,
				98C6B8062B69825C006B5E52 /* Assets.xcassets in Resources */,
			);
			runOnlyForDeploymentPostprocessing = 0;
		};
		98C6B80C2B69825D006B5E52 /* Resources */ = {
			isa = PBXResourcesBuildPhase;
			buildActionMask = 2147483647;
			files = (
			);
			runOnlyForDeploymentPostprocessing = 0;
		};
		98C6B8162B69825D006B5E52 /* Resources */ = {
			isa = PBXResourcesBuildPhase;
			buildActionMask = 2147483647;
			files = (
			);
			runOnlyForDeploymentPostprocessing = 0;
		};
/* End PBXResourcesBuildPhase section */

/* Begin PBXSourcesBuildPhase section */
		98C6B7FA2B698259006B5E52 /* Sources */ = {
			isa = PBXSourcesBuildPhase;
			buildActionMask = 2147483647;
			files = (
				98C6B82C2B6982FD006B5E52 /* HomeView.swift in Sources */,
				98DD0FB92B6ACC07003209E9 /* NextTetrominoeView.swift in Sources */,
				981DF28D2B6FADBC0026B8B1 /* Tetrominoe.swift in Sources */,
				98DD0FB12B6A8430003209E9 /* GameView.swift in Sources */,
				98C6B8022B698259006B5E52 /* TetrisApp.swift in Sources */,
				98266BB22B72BD2700F5FB92 /* GameState.swift in Sources */,
				98DD0FB32B6AB821003209E9 /* GameBoardView.swift in Sources */,
				98DD0FB72B6ACB07003209E9 /* GameControllerView.swift in Sources */,
			);
			runOnlyForDeploymentPostprocessing = 0;
		};
		98C6B80A2B69825D006B5E52 /* Sources */ = {
			isa = PBXSourcesBuildPhase;
			buildActionMask = 2147483647;
			files = (
				98C6B8132B69825D006B5E52 /* TetrisTests.swift in Sources */,
			);
			runOnlyForDeploymentPostprocessing = 0;
		};
		98C6B8142B69825D006B5E52 /* Sources */ = {
			isa = PBXSourcesBuildPhase;
			buildActionMask = 2147483647;
			files = (
				98C6B81D2B69825D006B5E52 /* TetrisUITests.swift in Sources */,
				98C6B81F2B69825D006B5E52 /* TetrisUITestsLaunchTests.swift in Sources */,
			);
			runOnlyForDeploymentPostprocessing = 0;
		};
/* End PBXSourcesBuildPhase section */

/* Begin PBXTargetDependency section */
		98C6B8102B69825D006B5E52 /* PBXTargetDependency */ = {
			isa = PBXTargetDependency;
			target = 98C6B7FD2B698259006B5E52 /* Tetris */;
			targetProxy = 98C6B80F2B69825D006B5E52 /* PBXContainerItemProxy */;
		};
		98C6B81A2B69825D006B5E52 /* PBXTargetDependency */ = {
			isa = PBXTargetDependency;
			target = 98C6B7FD2B698259006B5E52 /* Tetris */;
			targetProxy = 98C6B8192B69825D006B5E52 /* PBXContainerItemProxy */;
		};
/* End PBXTargetDependency section */

/* Begin XCBuildConfiguration section */
		98C6B8202B69825D006B5E52 /* Debug */ = {
			isa = XCBuildConfiguration;
			buildSettings = {
				ALWAYS_SEARCH_USER_PATHS = NO;
				ASSETCATALOG_COMPILER_GENERATE_SWIFT_ASSET_SYMBOL_EXTENSIONS = YES;
				CLANG_ANALYZER_NONNULL = YES;
				CLANG_ANALYZER_NUMBER_OBJECT_CONVERSION = YES_AGGRESSIVE;
				CLANG_CXX_LANGUAGE_STANDARD = "gnu++20";
				CLANG_ENABLE_MODULES = YES;
				CLANG_ENABLE_OBJC_ARC = YES;
				CLANG_ENABLE_OBJC_WEAK = YES;
				CLANG_WARN_BLOCK_CAPTURE_AUTORELEASING = YES;
				CLANG_WARN_BOOL_CONVERSION = YES;
				CLANG_WARN_COMMA = YES;
				CLANG_WARN_CONSTANT_CONVERSION = YES;
				CLANG_WARN_DEPRECATED_OBJC_IMPLEMENTATIONS = YES;
				CLANG_WARN_DIRECT_OBJC_ISA_USAGE = YES_ERROR;
				CLANG_WARN_DOCUMENTATION_COMMENTS = YES;
				CLANG_WARN_EMPTY_BODY = YES;
				CLANG_WARN_ENUM_CONVERSION = YES;
				CLANG_WARN_INFINITE_RECURSION = YES;
				CLANG_WARN_INT_CONVERSION = YES;
				CLANG_WARN_NON_LITERAL_NULL_CONVERSION = YES;
				CLANG_WARN_OBJC_IMPLICIT_RETAIN_SELF = YES;
				CLANG_WARN_OBJC_LITERAL_CONVERSION = YES;
				CLANG_WARN_OBJC_ROOT_CLASS = YES_ERROR;
				CLANG_WARN_QUOTED_INCLUDE_IN_FRAMEWORK_HEADER = YES;
				CLANG_WARN_RANGE_LOOP_ANALYSIS = YES;
				CLANG_WARN_STRICT_PROTOTYPES = YES;
				CLANG_WARN_SUSPICIOUS_MOVE = YES;
				CLANG_WARN_UNGUARDED_AVAILABILITY = YES_AGGRESSIVE;
				CLANG_WARN_UNREACHABLE_CODE = YES;
				CLANG_WARN__DUPLICATE_METHOD_MATCH = YES;
				COPY_PHASE_STRIP = NO;
				DEBUG_INFORMATION_FORMAT = dwarf;
				ENABLE_STRICT_OBJC_MSGSEND = YES;
				ENABLE_TESTABILITY = YES;
				ENABLE_USER_SCRIPT_SANDBOXING = YES;
				GCC_C_LANGUAGE_STANDARD = gnu17;
				GCC_DYNAMIC_NO_PIC = NO;
				GCC_NO_COMMON_BLOCKS = YES;
				GCC_OPTIMIZATION_LEVEL = 0;
				GCC_PREPROCESSOR_DEFINITIONS = (
					"DEBUG=1",
					"$(inherited)",
				);
				GCC_WARN_64_TO_32_BIT_CONVERSION = YES;
				GCC_WARN_ABOUT_RETURN_TYPE = YES_ERROR;
				GCC_WARN_UNDECLARED_SELECTOR = YES;
				GCC_WARN_UNINITIALIZED_AUTOS = YES_AGGRESSIVE;
				GCC_WARN_UNUSED_FUNCTION = YES;
				GCC_WARN_UNUSED_VARIABLE = YES;
				IPHONEOS_DEPLOYMENT_TARGET = 17.2;
				LOCALIZATION_PREFERS_STRING_CATALOGS = YES;
				MTL_ENABLE_DEBUG_INFO = INCLUDE_SOURCE;
				MTL_FAST_MATH = YES;
				ONLY_ACTIVE_ARCH = YES;
				SDKROOT = iphoneos;
				SWIFT_ACTIVE_COMPILATION_CONDITIONS = "DEBUG $(inherited)";
				SWIFT_OPTIMIZATION_LEVEL = "-Onone";
			};
			name = Debug;
		};
		98C6B8212B69825D006B5E52 /* Release */ = {
			isa = XCBuildConfiguration;
			buildSettings = {
				ALWAYS_SEARCH_USER_PATHS = NO;
				ASSETCATALOG_COMPILER_GENERATE_SWIFT_ASSET_SYMBOL_EXTENSIONS = YES;
				CLANG_ANALYZER_NONNULL = YES;
				CLANG_ANALYZER_NUMBER_OBJECT_CONVERSION = YES_AGGRESSIVE;
				CLANG_CXX_LANGUAGE_STANDARD = "gnu++20";
				CLANG_ENABLE_MODULES = YES;
				CLANG_ENABLE_OBJC_ARC = YES;
				CLANG_ENABLE_OBJC_WEAK = YES;
				CLANG_WARN_BLOCK_CAPTURE_AUTORELEASING = YES;
				CLANG_WARN_BOOL_CONVERSION = YES;
				CLANG_WARN_COMMA = YES;
				CLANG_WARN_CONSTANT_CONVERSION = YES;
				CLANG_WARN_DEPRECATED_OBJC_IMPLEMENTATIONS = YES;
				CLANG_WARN_DIRECT_OBJC_ISA_USAGE = YES_ERROR;
				CLANG_WARN_DOCUMENTATION_COMMENTS = YES;
				CLANG_WARN_EMPTY_BODY = YES;
				CLANG_WARN_ENUM_CONVERSION = YES;
				CLANG_WARN_INFINITE_RECURSION = YES;
				CLANG_WARN_INT_CONVERSION = YES;
				CLANG_WARN_NON_LITERAL_NULL_CONVERSION = YES;
				CLANG_WARN_OBJC_IMPLICIT_RETAIN_SELF = YES;
				CLANG_WARN_OBJC_LITERAL_CONVERSION = YES;
				CLANG_WARN_OBJC_ROOT_CLASS = YES_ERROR;
				CLANG_WARN_QUOTED_INCLUDE_IN_FRAMEWORK_HEADER = YES;
				CLANG_WARN_RANGE_LOOP_ANALYSIS = YES;
				CLANG_WARN_STRICT_PROTOTYPES = YES;
				CLANG_WARN_SUSPICIOUS_MOVE = YES;
				CLANG_WARN_UNGUARDED_AVAILABILITY = YES_AGGRESSIVE;
				CLANG_WARN_UNREACHABLE_CODE = YES;
				CLANG_WARN__DUPLICATE_METHOD_MATCH = YES;
				COPY_PHASE_STRIP = NO;
				DEBUG_INFORMATION_FORMAT = "dwarf-with-dsym";
				ENABLE_NS_ASSERTIONS = NO;
				ENABLE_STRICT_OBJC_MSGSEND = YES;
				ENABLE_USER_SCRIPT_SANDBOXING = YES;
				GCC_C_LANGUAGE_STANDARD = gnu17;
				GCC_NO_COMMON_BLOCKS = YES;
				GCC_WARN_64_TO_32_BIT_CONVERSION = YES;
				GCC_WARN_ABOUT_RETURN_TYPE = YES_ERROR;
				GCC_WARN_UNDECLARED_SELECTOR = YES;
				GCC_WARN_UNINITIALIZED_AUTOS = YES_AGGRESSIVE;
				GCC_WARN_UNUSED_FUNCTION = YES;
				GCC_WARN_UNUSED_VARIABLE = YES;
				IPHONEOS_DEPLOYMENT_TARGET = 17.2;
				LOCALIZATION_PREFERS_STRING_CATALOGS = YES;
				MTL_ENABLE_DEBUG_INFO = NO;
				MTL_FAST_MATH = YES;
				SDKROOT = iphoneos;
				SWIFT_COMPILATION_MODE = wholemodule;
				VALIDATE_PRODUCT = YES;
			};
			name = Release;
		};
		98C6B8232B69825D006B5E52 /* Debug */ = {
			isa = XCBuildConfiguration;
			buildSettings = {
				ASSETCATALOG_COMPILER_APPICON_NAME = AppIcon;
				ASSETCATALOG_COMPILER_GLOBAL_ACCENT_COLOR_NAME = AccentColor;
				CODE_SIGN_STYLE = Automatic;
				CURRENT_PROJECT_VERSION = 1;
				DEVELOPMENT_ASSET_PATHS = "\"Tetris/Preview Content\"";
				DEVELOPMENT_TEAM = 2WL67Z7BXR;
				ENABLE_PREVIEWS = YES;
				GENERATE_INFOPLIST_FILE = YES;
				INFOPLIST_KEY_UIApplicationSceneManifest_Generation = YES;
				INFOPLIST_KEY_UIApplicationSupportsIndirectInputEvents = YES;
				INFOPLIST_KEY_UILaunchScreen_Generation = YES;
				INFOPLIST_KEY_UISupportedInterfaceOrientations_iPad = "UIInterfaceOrientationPortrait UIInterfaceOrientationPortraitUpsideDown UIInterfaceOrientationLandscapeLeft UIInterfaceOrientationLandscapeRight";
				INFOPLIST_KEY_UISupportedInterfaceOrientations_iPhone = "UIInterfaceOrientationPortrait UIInterfaceOrientationLandscapeLeft UIInterfaceOrientationLandscapeRight";
				LD_RUNPATH_SEARCH_PATHS = (
					"$(inherited)",
					"@executable_path/Frameworks",
				);
				MARKETING_VERSION = 1.0;
				PRODUCT_BUNDLE_IDENTIFIER = com.coding.challenges.Tetris;
				PRODUCT_NAME = "$(TARGET_NAME)";
				SWIFT_EMIT_LOC_STRINGS = YES;
				SWIFT_VERSION = 5.0;
				TARGETED_DEVICE_FAMILY = "1,2";
			};
			name = Debug;
		};
		98C6B8242B69825D006B5E52 /* Release */ = {
			isa = XCBuildConfiguration;
			buildSettings = {
				ASSETCATALOG_COMPILER_APPICON_NAME = AppIcon;
				ASSETCATALOG_COMPILER_GLOBAL_ACCENT_COLOR_NAME = AccentColor;
				CODE_SIGN_STYLE = Automatic;
				CURRENT_PROJECT_VERSION = 1;
				DEVELOPMENT_ASSET_PATHS = "\"Tetris/Preview Content\"";
				DEVELOPMENT_TEAM = 2WL67Z7BXR;
				ENABLE_PREVIEWS = YES;
				GENERATE_INFOPLIST_FILE = YES;
				INFOPLIST_KEY_UIApplicationSceneManifest_Generation = YES;
				INFOPLIST_KEY_UIApplicationSupportsIndirectInputEvents = YES;
				INFOPLIST_KEY_UILaunchScreen_Generation = YES;
				INFOPLIST_KEY_UISupportedInterfaceOrientations_iPad = "UIInterfaceOrientationPortrait UIInterfaceOrientationPortraitUpsideDown UIInterfaceOrientationLandscapeLeft UIInterfaceOrientationLandscapeRight";
				INFOPLIST_KEY_UISupportedInterfaceOrientations_iPhone = "UIInterfaceOrientationPortrait UIInterfaceOrientationLandscapeLeft UIInterfaceOrientationLandscapeRight";
				LD_RUNPATH_SEARCH_PATHS = (
					"$(inherited)",
					"@executable_path/Frameworks",
				);
				MARKETING_VERSION = 1.0;
				PRODUCT_BUNDLE_IDENTIFIER = com.coding.challenges.Tetris;
				PRODUCT_NAME = "$(TARGET_NAME)";
				SWIFT_EMIT_LOC_STRINGS = YES;
				SWIFT_VERSION = 5.0;
				TARGETED_DEVICE_FAMILY = "1,2";
			};
			name = Release;
		};
		98C6B8262B69825D006B5E52 /* Debug */ = {
			isa = XCBuildConfiguration;
			buildSettings = {
				ALWAYS_EMBED_SWIFT_STANDARD_LIBRARIES = YES;
				BUNDLE_LOADER = "$(TEST_HOST)";
				CODE_SIGN_STYLE = Automatic;
				CURRENT_PROJECT_VERSION = 1;
				DEVELOPMENT_TEAM = 2WL67Z7BXR;
				GENERATE_INFOPLIST_FILE = YES;
				IPHONEOS_DEPLOYMENT_TARGET = 17.2;
				MARKETING_VERSION = 1.0;
				PRODUCT_BUNDLE_IDENTIFIER = com.coding.challenges.TetrisTests;
				PRODUCT_NAME = "$(TARGET_NAME)";
				SWIFT_EMIT_LOC_STRINGS = NO;
				SWIFT_VERSION = 5.0;
				TARGETED_DEVICE_FAMILY = "1,2";
				TEST_HOST = "$(BUILT_PRODUCTS_DIR)/Tetris.app/$(BUNDLE_EXECUTABLE_FOLDER_PATH)/Tetris";
			};
			name = Debug;
		};
		98C6B8272B69825D006B5E52 /* Release */ = {
			isa = XCBuildConfiguration;
			buildSettings = {
				ALWAYS_EMBED_SWIFT_STANDARD_LIBRARIES = YES;
				BUNDLE_LOADER = "$(TEST_HOST)";
				CODE_SIGN_STYLE = Automatic;
				CURRENT_PROJECT_VERSION = 1;
				DEVELOPMENT_TEAM = 2WL67Z7BXR;
				GENERATE_INFOPLIST_FILE = YES;
				IPHONEOS_DEPLOYMENT_TARGET = 17.2;
				MARKETING_VERSION = 1.0;
				PRODUCT_BUNDLE_IDENTIFIER = com.coding.challenges.TetrisTests;
				PRODUCT_NAME = "$(TARGET_NAME)";
				SWIFT_EMIT_LOC_STRINGS = NO;
				SWIFT_VERSION = 5.0;
				TARGETED_DEVICE_FAMILY = "1,2";
				TEST_HOST = "$(BUILT_PRODUCTS_DIR)/Tetris.app/$(BUNDLE_EXECUTABLE_FOLDER_PATH)/Tetris";
			};
			name = Release;
		};
		98C6B8292B69825D006B5E52 /* Debug */ = {
			isa = XCBuildConfiguration;
			buildSettings = {
				ALWAYS_EMBED_SWIFT_STANDARD_LIBRARIES = YES;
				CODE_SIGN_STYLE = Automatic;
				CURRENT_PROJECT_VERSION = 1;
				DEVELOPMENT_TEAM = 2WL67Z7BXR;
				GENERATE_INFOPLIST_FILE = YES;
				MARKETING_VERSION = 1.0;
				PRODUCT_BUNDLE_IDENTIFIER = com.coding.challenges.TetrisUITests;
				PRODUCT_NAME = "$(TARGET_NAME)";
				SWIFT_EMIT_LOC_STRINGS = NO;
				SWIFT_VERSION = 5.0;
				TARGETED_DEVICE_FAMILY = "1,2";
				TEST_TARGET_NAME = Tetris;
			};
			name = Debug;
		};
		98C6B82A2B69825D006B5E52 /* Release */ = {
			isa = XCBuildConfiguration;
			buildSettings = {
				ALWAYS_EMBED_SWIFT_STANDARD_LIBRARIES = YES;
				CODE_SIGN_STYLE = Automatic;
				CURRENT_PROJECT_VERSION = 1;
				DEVELOPMENT_TEAM = 2WL67Z7BXR;
				GENERATE_INFOPLIST_FILE = YES;
				MARKETING_VERSION = 1.0;
				PRODUCT_BUNDLE_IDENTIFIER = com.coding.challenges.TetrisUITests;
				PRODUCT_NAME = "$(TARGET_NAME)";
				SWIFT_EMIT_LOC_STRINGS = NO;
				SWIFT_VERSION = 5.0;
				TARGETED_DEVICE_FAMILY = "1,2";
				TEST_TARGET_NAME = Tetris;
			};
			name = Release;
		};
/* End XCBuildConfiguration section */

/* Begin XCConfigurationList section */
		98C6B7F92B698259006B5E52 /* Build configuration list for PBXProject "Tetris" */ = {
			isa = XCConfigurationList;
			buildConfigurations = (
				98C6B8202B69825D006B5E52 /* Debug */,
				98C6B8212B69825D006B5E52 /* Release */,
			);
			defaultConfigurationIsVisible = 0;
			defaultConfigurationName = Release;
		};
		98C6B8222B69825D006B5E52 /* Build configuration list for PBXNativeTarget "Tetris" */ = {
			isa = XCConfigurationList;
			buildConfigurations = (
				98C6B8232B69825D006B5E52 /* Debug */,
				98C6B8242B69825D006B5E52 /* Release */,
			);
			defaultConfigurationIsVisible = 0;
			defaultConfigurationName = Release;
		};
		98C6B8252B69825D006B5E52 /* Build configuration list for PBXNativeTarget "TetrisTests" */ = {
			isa = XCConfigurationList;
			buildConfigurations = (
				98C6B8262B69825D006B5E52 /* Debug */,
				98C6B8272B69825D006B5E52 /* Release */,
			);
			defaultConfigurationIsVisible = 0;
			defaultConfigurationName = Release;
		};
		98C6B8282B69825D006B5E52 /* Build configuration list for PBXNativeTarget "TetrisUITests" */ = {
			isa = XCConfigurationList;
			buildConfigurations = (
				98C6B8292B69825D006B5E52 /* Debug */,
				98C6B82A2B69825D006B5E52 /* Release */,
			);
			defaultConfigurationIsVisible = 0;
			defaultConfigurationName = Release;
		};
/* End XCConfigurationList section */
	};
	rootObject = 98C6B7F62B698259006B5E52 /* Project object */;
}
